<?xml version="1.0" encoding="utf-8"?>
<Project ToolsVersion="17.0" xmlns="http://schemas.microsoft.com/developer/msbuild/2003">
  <ItemGroup>
    <CustomBuild Include="D:\Repos\2DGame\lib\glad\CMakeFiles\e507539945c4da3e0ae1105f1079a1c8\generate.stamp.rule">
      <Filter>CMake Rules</Filter>
    </CustomBuild>
  </ItemGroup>
  <ItemGroup>
    <Filter Include="CMake Rules">
      <UniqueIdentifier>{E7FF4E52-ABA2-3746-8CCE-FBB9DE69AB9A}</UniqueIdentifier>
    </Filter>
  </ItemGroup>
</Project>
